<?xml version="1.0" encoding="utf-8"?>
<Project ToolsVersion="4.0" xmlns="http://schemas.microsoft.com/developer/msbuild/2003">
  <ItemGroup>
    <Filter Include="Source Files">
      <UniqueIdentifier>{4FC737F1-C7A5-4376-A066-2A32D752A2FF}</UniqueIdentifier>
      <Extensions>cpp;c;cc;cxx;def;odl;idl;hpj;bat;asm;asmx</Extensions>
    </Filter>
    <Filter Include="Header Files">
      <UniqueIdentifier>{93995380-89BD-4b04-88EB-625FBE52EBFB}</UniqueIdentifier>
      <Extensions>h;hpp;hxx;hm;inl;inc;xsd</Extensions>
    </Filter>
    <Filter Include="Resource Files">
      <UniqueIdentifier>{67DA6AB6-F800-4c08-8B7A-83BB121AAD01}</UniqueIdentifier>
      <Extensions>rc;ico;cur;bmp;dlg;rc2;rct;bin;rgs;gif;jpg;jpeg;jpe;resx;tiff;tif;png;wav;mfcribbon-ms</Extensions>
    </Filter>
  </ItemGroup>
  <ItemGroup>
    <None Include="ReadMe.txt" />
  </ItemGroup>
  <ItemGroup>
    <ClInclude Include="stdafx.h">
      <Filter>Header Files</Filter>
    </ClInclude>
    <ClInclude Include="targetver.h">
      <Filter>Header Files</Filter>
    </ClInclude>
    <ClInclude Include="..\..\codec2-dev\src\codec2.h">
      <Filter>Header Files</Filter>
    </ClInclude>
    <ClInclude Include="..\..\codec2-dev\src\defines.h">
      <Filter>Header Files</Filter>
    </ClInclude>
    <ClInclude Include="..\..\codec2-dev\src\fdmdv_internal.h">
      <Filter>Header Files</Filter>
    </ClInclude>
    <ClInclude Include="..\..\codec2-dev\src\fft.h">
      <Filter>Header Files</Filter>
    </ClInclude>
    <ClInclude Include="..\..\codec2-dev\src\kiss_fft.h">
      <Filter>Header Files</Filter>
    </ClInclude>
    <ClInclude Include="..\..\codec2-dev\src\lpc.h">
      <Filter>Header Files</Filter>
    </ClInclude>
    <ClInclude Include="..\..\codec2-dev\src\lsp.h">
      <Filter>Header Files</Filter>
    </ClInclude>
    <ClInclude Include="..\..\codec2-dev\src\nlp.h">
      <Filter>Header Files</Filter>
    </ClInclude>
    <ClInclude Include="..\..\codec2-dev\src\phase.h">
      <Filter>Header Files</Filter>
    </ClInclude>
    <ClInclude Include="..\..\codec2-dev\src\postfilter.h">
      <Filter>Header Files</Filter>
    </ClInclude>
    <ClInclude Include="..\..\codec2-dev\src\quantise.h">
      <Filter>Header Files</Filter>
    </ClInclude>
    <ClInclude Include="..\..\codec2-dev\src\sine.h">
      <Filter>Header Files</Filter>
    </ClInclude>
    <ClInclude Include="..\..\codec2-dev\src\test_bits.h">
      <Filter>Header Files</Filter>
    </ClInclude>
    <ClInclude Include="..\..\codec2-dev\src\_kiss_fft_guts.h">
      <Filter>Header Files</Filter>
    </ClInclude>
    <ClInclude Include="fdmdv2-dll.h">
      <Filter>Header Files</Filter>
    </ClInclude>
  </ItemGroup>
  <ItemGroup>
    <ClCompile Include="stdafx.cpp">
      <Filter>Source Files</Filter>
    </ClCompile>
    <ClCompile Include="..\..\codec2-dev\src\codebookdt.c">
      <Filter>Source Files</Filter>
    </ClCompile>
    <ClCompile Include="..\..\codec2-dev\src\codebookge.c">
      <Filter>Source Files</Filter>
    </ClCompile>
    <ClCompile Include="..\..\codec2-dev\src\codebookjnd.c">
      <Filter>Source Files</Filter>
    </ClCompile>
    <ClCompile Include="..\..\codec2-dev\src\codebookjvm.c">
      <Filter>Source Files</Filter>
    </ClCompile>
    <ClCompile Include="..\..\codec2-dev\src\codebookres.c">
      <Filter>Source Files</Filter>
    </ClCompile>
    <ClCompile Include="..\..\codec2-dev\src\codebookvq.c">
      <Filter>Source Files</Filter>
    </ClCompile>
    <ClCompile Include="..\..\codec2-dev\src\codec2.c">
      <Filter>Source Files</Filter>
    </ClCompile>
    <ClCompile Include="..\..\codec2-dev\src\fft.c">
      <Filter>Source Files</Filter>
    </ClCompile>
    <ClCompile Include="..\..\codec2-dev\src\interp.c">
      <Filter>Source Files</Filter>
    </ClCompile>
    <ClCompile Include="..\..\codec2-dev\src\kiss_fft.c">
      <Filter>Source Files</Filter>
    </ClCompile>
    <ClCompile Include="..\..\codec2-dev\src\lpc.c">
      <Filter>Source Files</Filter>
    </ClCompile>
    <ClCompile Include="..\..\codec2-dev\src\lsp.c">
      <Filter>Source Files</Filter>
    </ClCompile>
    <ClCompile Include="..\..\codec2-dev\src\nlp.c">
      <Filter>Source Files</Filter>
    </ClCompile>
    <ClCompile Include="..\..\codec2-dev\src\pack.c">
      <Filter>Source Files</Filter>
    </ClCompile>
    <ClCompile Include="..\..\codec2-dev\src\phase.c">
      <Filter>Source Files</Filter>
    </ClCompile>
    <ClCompile Include="..\..\codec2-dev\src\postfilter.c">
      <Filter>Source Files</Filter>
    </ClCompile>
    <ClCompile Include="..\..\codec2-dev\src\quantise.c">
      <Filter>Source Files</Filter>
    </ClCompile>
    <ClCompile Include="..\..\codec2-dev\src\sine.c">
      <Filter>Source Files</Filter>
    </ClCompile>
    <ClCompile Include="dllmain.cpp">
      <Filter>Source Files</Filter>
    </ClCompile>
    <ClCompile Include="fdmdv2-dll.cpp">
      <Filter>Source Files</Filter>
    </ClCompile>
  </ItemGroup>
</Project>